
Microsoft Visual Studio Solution File, Format Version 12.00
# Visual Studio Version 17
VisualStudioVersion = 17.4.33205.214
MinimumVisualStudioVersion = 10.0.40219.1
Project("{FAE04EC0-301F-11D3-BF4B-00C04F79EFBC}") = "Bisopi - Proyectos", "Bisopi - Proyectos\Bisopi - Proyectos.csproj", "{B5A1D5AF-E425-4EDF-8E7E-58B56D7E24EF}"
EndProject
Project("{2150E333-8FDC-42A3-9474-1A3956D46DE8}") = "DevExtreme NuGet.config", "DevExtreme NuGet.config", "{E78F6183-5D6D-40B3-B832-984FC96EF509}"
	ProjectSection(SolutionItems) = preProject
		NuGet.config = NuGet.config
	EndProjectSection
EndProject
Global
	GlobalSection(SolutionConfigurationPlatforms) = preSolution
		Debug|Any CPU = Debug|Any CPU
		Release|Any CPU = Release|Any CPU
	EndGlobalSection
	GlobalSection(ProjectConfigurationPlatforms) = postSolution
		{B5A1D5AF-E425-4EDF-8E7E-58B56D7E24EF}.Debug|Any CPU.ActiveCfg = Debug|Any CPU
		{B5A1D5AF-E425-4EDF-8E7E-58B56D7E24EF}.Debug|Any CPU.Build.0 = Debug|Any CPU
		{B5A1D5AF-E425-4EDF-8E7E-58B56D7E24EF}.Release|Any CPU.ActiveCfg = Release|Any CPU
		{B5A1D5AF-E425-4EDF-8E7E-58B56D7E24EF}.Release|Any CPU.Build.0 = Release|Any CPU
	EndGlobalSection
	GlobalSection(SolutionProperties) = preSolution
		HideSolutionNode = FALSE
	EndGlobalSection
	GlobalSection(ExtensibilityGlobals) = postSolution
		SolutionGuid = {84FA7D0B-CE56-444E-BFA3-D120E71B344C}
	EndGlobalSection
EndGlobal
